// !$*UTF8*$!
{
	archiveVersion = 1;
	classes = {
	};
	objectVersion = 50;
	objects = {

/* Begin PBXBuildFile section */
		44D1CF7824C0129E00AC238D /* TracktorApp.swift in Sources */ = {isa = PBXBuildFile; fileRef = 44D1CF6524C0129D00AC238D /* TracktorApp.swift */; };
		44D1CF7924C0129E00AC238D /* TracktorApp.swift in Sources */ = {isa = PBXBuildFile; fileRef = 44D1CF6524C0129D00AC238D /* TracktorApp.swift */; };
		44D1CF7A24C0129E00AC238D /* ListView.swift in Sources */ = {isa = PBXBuildFile; fileRef = 44D1CF6624C0129D00AC238D /* ListView.swift */; };
		44D1CF7B24C0129E00AC238D /* ListView.swift in Sources */ = {isa = PBXBuildFile; fileRef = 44D1CF6624C0129D00AC238D /* ListView.swift */; };
		44D1CF7C24C0129E00AC238D /* Assets.xcassets in Resources */ = {isa = PBXBuildFile; fileRef = 44D1CF6724C0129E00AC238D /* Assets.xcassets */; };
		44D1CF7D24C0129E00AC238D /* Assets.xcassets in Resources */ = {isa = PBXBuildFile; fileRef = 44D1CF6724C0129E00AC238D /* Assets.xcassets */; };
		44D1CF8724C0149800AC238D /* TrackerListItemView.swift in Sources */ = {isa = PBXBuildFile; fileRef = 44D1CF8624C0149800AC238D /* TrackerListItemView.swift */; };
		44D1CF8824C0149800AC238D /* TrackerListItemView.swift in Sources */ = {isa = PBXBuildFile; fileRef = 44D1CF8624C0149800AC238D /* TrackerListItemView.swift */; };
		44D1CF8A24C01B7A00AC238D /* Tracker.swift in Sources */ = {isa = PBXBuildFile; fileRef = 44D1CF8924C01B7A00AC238D /* Tracker.swift */; };
		44D1CF8B24C01B7A00AC238D /* Tracker.swift in Sources */ = {isa = PBXBuildFile; fileRef = 44D1CF8924C01B7A00AC238D /* Tracker.swift */; };
		44D1CF8D24C0308600AC238D /* Resources.swift in Sources */ = {isa = PBXBuildFile; fileRef = 44D1CF8C24C0308600AC238D /* Resources.swift */; };
		44D1CF8E24C0308600AC238D /* Resources.swift in Sources */ = {isa = PBXBuildFile; fileRef = 44D1CF8C24C0308600AC238D /* Resources.swift */; };
		44D1CF9024C04AE400AC238D /* ChartView.swift in Sources */ = {isa = PBXBuildFile; fileRef = 44D1CF8F24C04AE400AC238D /* ChartView.swift */; };
		44D1CF9124C04AE400AC238D /* ChartView.swift in Sources */ = {isa = PBXBuildFile; fileRef = 44D1CF8F24C04AE400AC238D /* ChartView.swift */; };
/* End PBXBuildFile section */

/* Begin PBXFileReference section */
		44D1CF6524C0129D00AC238D /* TracktorApp.swift */ = {isa = PBXFileReference; lastKnownFileType = sourcecode.swift; path = TracktorApp.swift; sourceTree = "<group>"; };
		44D1CF6624C0129D00AC238D /* ListView.swift */ = {isa = PBXFileReference; lastKnownFileType = sourcecode.swift; path = ListView.swift; sourceTree = "<group>"; };
		44D1CF6724C0129E00AC238D /* Assets.xcassets */ = {isa = PBXFileReference; lastKnownFileType = folder.assetcatalog; path = Assets.xcassets; sourceTree = "<group>"; };
		44D1CF6C24C0129E00AC238D /* Tracktor.app */ = {isa = PBXFileReference; explicitFileType = wrapper.application; includeInIndex = 0; path = Tracktor.app; sourceTree = BUILT_PRODUCTS_DIR; };
		44D1CF6F24C0129E00AC238D /* Info.plist */ = {isa = PBXFileReference; lastKnownFileType = text.plist.xml; path = Info.plist; sourceTree = "<group>"; };
		44D1CF7424C0129E00AC238D /* Tracktor.app */ = {isa = PBXFileReference; explicitFileType = wrapper.application; includeInIndex = 0; path = Tracktor.app; sourceTree = BUILT_PRODUCTS_DIR; };
		44D1CF7624C0129E00AC238D /* Info.plist */ = {isa = PBXFileReference; lastKnownFileType = text.plist.xml; path = Info.plist; sourceTree = "<group>"; };
		44D1CF7724C0129E00AC238D /* macOS.entitlements */ = {isa = PBXFileReference; lastKnownFileType = text.plist.entitlements; path = macOS.entitlements; sourceTree = "<group>"; };
		44D1CF8624C0149800AC238D /* TrackerListItemView.swift */ = {isa = PBXFileReference; lastKnownFileType = sourcecode.swift; path = TrackerListItemView.swift; sourceTree = "<group>"; };
		44D1CF8924C01B7A00AC238D /* Tracker.swift */ = {isa = PBXFileReference; lastKnownFileType = sourcecode.swift; path = Tracker.swift; sourceTree = "<group>"; };
		44D1CF8C24C0308600AC238D /* Resources.swift */ = {isa = PBXFileReference; lastKnownFileType = sourcecode.swift; path = Resources.swift; sourceTree = "<group>"; };
		44D1CF8F24C04AE400AC238D /* ChartView.swift */ = {isa = PBXFileReference; lastKnownFileType = sourcecode.swift; path = ChartView.swift; sourceTree = "<group>"; };
/* End PBXFileReference section */

/* Begin PBXFrameworksBuildPhase section */
		44D1CF6924C0129E00AC238D /* Frameworks */ = {
			isa = PBXFrameworksBuildPhase;
			buildActionMask = 2147483647;
			files = (
			);
			runOnlyForDeploymentPostprocessing = 0;
		};
		44D1CF7124C0129E00AC238D /* Frameworks */ = {
			isa = PBXFrameworksBuildPhase;
			buildActionMask = 2147483647;
			files = (
			);
			runOnlyForDeploymentPostprocessing = 0;
		};
/* End PBXFrameworksBuildPhase section */

/* Begin PBXGroup section */
		44D1CF5F24C0129D00AC238D = {
			isa = PBXGroup;
			children = (
				44D1CF6424C0129D00AC238D /* Shared */,
				44D1CF6E24C0129E00AC238D /* iOS */,
				44D1CF7524C0129E00AC238D /* macOS */,
				44D1CF6D24C0129E00AC238D /* Products */,
			);
			sourceTree = "<group>";
		};
		44D1CF6424C0129D00AC238D /* Shared */ = {
			isa = PBXGroup;
			children = (
				44D1CF6524C0129D00AC238D /* TracktorApp.swift */,
				44D1CF6624C0129D00AC238D /* ListView.swift */,
				44D1CF6724C0129E00AC238D /* Assets.xcassets */,
				44D1CF8624C0149800AC238D /* TrackerListItemView.swift */,
				44D1CF8924C01B7A00AC238D /* Tracker.swift */,
				44D1CF8C24C0308600AC238D /* Resources.swift */,
				44D1CF8F24C04AE400AC238D /* ChartView.swift */,
			);
			path = Shared;
			sourceTree = "<group>";
		};
		44D1CF6D24C0129E00AC238D /* Products */ = {
			isa = PBXGroup;
			children = (
				44D1CF6C24C0129E00AC238D /* Tracktor.app */,
				44D1CF7424C0129E00AC238D /* Tracktor.app */,
			);
			name = Products;
			sourceTree = "<group>";
		};
		44D1CF6E24C0129E00AC238D /* iOS */ = {
			isa = PBXGroup;
			children = (
				44D1CF6F24C0129E00AC238D /* Info.plist */,
			);
			path = iOS;
			sourceTree = "<group>";
		};
		44D1CF7524C0129E00AC238D /* macOS */ = {
			isa = PBXGroup;
			children = (
				44D1CF7624C0129E00AC238D /* Info.plist */,
				44D1CF7724C0129E00AC238D /* macOS.entitlements */,
			);
			path = macOS;
			sourceTree = "<group>";
		};
/* End PBXGroup section */

/* Begin PBXNativeTarget section */
		44D1CF6B24C0129E00AC238D /* Tracktor (iOS) */ = {
			isa = PBXNativeTarget;
			buildConfigurationList = 44D1CF8024C0129E00AC238D /* Build configuration list for PBXNativeTarget "Tracktor (iOS)" */;
			buildPhases = (
				44D1CF6824C0129E00AC238D /* Sources */,
				44D1CF6924C0129E00AC238D /* Frameworks */,
				44D1CF6A24C0129E00AC238D /* Resources */,
			);
			buildRules = (
			);
			dependencies = (
			);
			name = "Tracktor (iOS)";
			productName = "Tracktor (iOS)";
			productReference = 44D1CF6C24C0129E00AC238D /* Tracktor.app */;
			productType = "com.apple.product-type.application";
		};
		44D1CF7324C0129E00AC238D /* Tracktor (macOS) */ = {
			isa = PBXNativeTarget;
			buildConfigurationList = 44D1CF8324C0129E00AC238D /* Build configuration list for PBXNativeTarget "Tracktor (macOS)" */;
			buildPhases = (
				44D1CF7024C0129E00AC238D /* Sources */,
				44D1CF7124C0129E00AC238D /* Frameworks */,
				44D1CF7224C0129E00AC238D /* Resources */,
			);
			buildRules = (
			);
			dependencies = (
			);
			name = "Tracktor (macOS)";
			productName = "Tracktor (macOS)";
			productReference = 44D1CF7424C0129E00AC238D /* Tracktor.app */;
			productType = "com.apple.product-type.application";
		};
/* End PBXNativeTarget section */

/* Begin PBXProject section */
		44D1CF6024C0129D00AC238D /* Project object */ = {
			isa = PBXProject;
			attributes = {
				LastSwiftUpdateCheck = 1200;
				LastUpgradeCheck = 1200;
				TargetAttributes = {
					44D1CF6B24C0129E00AC238D = {
						CreatedOnToolsVersion = 12.0;
					};
					44D1CF7324C0129E00AC238D = {
						CreatedOnToolsVersion = 12.0;
					};
				};
			};
			buildConfigurationList = 44D1CF6324C0129D00AC238D /* Build configuration list for PBXProject "Tracktor" */;
			compatibilityVersion = "Xcode 9.3";
			developmentRegion = en;
			hasScannedForEncodings = 0;
			knownRegions = (
				en,
				Base,
			);
			mainGroup = 44D1CF5F24C0129D00AC238D;
			productRefGroup = 44D1CF6D24C0129E00AC238D /* Products */;
			projectDirPath = "";
			projectRoot = "";
			targets = (
				44D1CF6B24C0129E00AC238D /* Tracktor (iOS) */,
				44D1CF7324C0129E00AC238D /* Tracktor (macOS) */,
			);
		};
/* End PBXProject section */

/* Begin PBXResourcesBuildPhase section */
		44D1CF6A24C0129E00AC238D /* Resources */ = {
			isa = PBXResourcesBuildPhase;
			buildActionMask = 2147483647;
			files = (
				44D1CF7C24C0129E00AC238D /* Assets.xcassets in Resources */,
			);
			runOnlyForDeploymentPostprocessing = 0;
		};
		44D1CF7224C0129E00AC238D /* Resources */ = {
			isa = PBXResourcesBuildPhase;
			buildActionMask = 2147483647;
			files = (
				44D1CF7D24C0129E00AC238D /* Assets.xcassets in Resources */,
			);
			runOnlyForDeploymentPostprocessing = 0;
		};
/* End PBXResourcesBuildPhase section */

/* Begin PBXSourcesBuildPhase section */
		44D1CF6824C0129E00AC238D /* Sources */ = {
			isa = PBXSourcesBuildPhase;
			buildActionMask = 2147483647;
			files = (
				44D1CF8724C0149800AC238D /* TrackerListItemView.swift in Sources */,
				44D1CF8A24C01B7A00AC238D /* Tracker.swift in Sources */,
				44D1CF8D24C0308600AC238D /* Resources.swift in Sources */,
				44D1CF7A24C0129E00AC238D /* ListView.swift in Sources */,
				44D1CF7824C0129E00AC238D /* TracktorApp.swift in Sources */,
				44D1CF9024C04AE400AC238D /* ChartView.swift in Sources */,
			);
			runOnlyForDeploymentPostprocessing = 0;
		};
		44D1CF7024C0129E00AC238D /* Sources */ = {
			isa = PBXSourcesBuildPhase;
			buildActionMask = 2147483647;
			files = (
				44D1CF8824C0149800AC238D /* TrackerListItemView.swift in Sources */,
				44D1CF8B24C01B7A00AC238D /* Tracker.swift in Sources */,
				44D1CF8E24C0308600AC238D /* Resources.swift in Sources */,
				44D1CF7B24C0129E00AC238D /* ListView.swift in Sources */,
				44D1CF7924C0129E00AC238D /* TracktorApp.swift in Sources */,
				44D1CF9124C04AE400AC238D /* ChartView.swift in Sources */,
			);
			runOnlyForDeploymentPostprocessing = 0;
		};
/* End PBXSourcesBuildPhase section */

/* Begin XCBuildConfiguration section */
		44D1CF7E24C0129E00AC238D /* Debug */ = {
			isa = XCBuildConfiguration;
			buildSettings = {
				ALWAYS_SEARCH_USER_PATHS = NO;
				CLANG_ANALYZER_NONNULL = YES;
				CLANG_ANALYZER_NUMBER_OBJECT_CONVERSION = YES_AGGRESSIVE;
				CLANG_CXX_LANGUAGE_STANDARD = "gnu++14";
				CLANG_CXX_LIBRARY = "libc++";
				CLANG_ENABLE_MODULES = YES;
				CLANG_ENABLE_OBJC_ARC = YES;
				CLANG_ENABLE_OBJC_WEAK = YES;
				CLANG_WARN_BLOCK_CAPTURE_AUTORELEASING = YES;
				CLANG_WARN_BOOL_CONVERSION = YES;
				CLANG_WARN_COMMA = YES;
				CLANG_WARN_CONSTANT_CONVERSION = YES;
				CLANG_WARN_DEPRECATED_OBJC_IMPLEMENTATIONS = YES;
				CLANG_WARN_DIRECT_OBJC_ISA_USAGE = YES_ERROR;
				CLANG_WARN_DOCUMENTATION_COMMENTS = YES;
				CLANG_WARN_EMPTY_BODY = YES;
				CLANG_WARN_ENUM_CONVERSION = YES;
				CLANG_WARN_INFINITE_RECURSION = YES;
				CLANG_WARN_INT_CONVERSION = YES;
				CLANG_WARN_NON_LITERAL_NULL_CONVERSION = YES;
				CLANG_WARN_OBJC_IMPLICIT_RETAIN_SELF = YES;
				CLANG_WARN_OBJC_LITERAL_CONVERSION = YES;
				CLANG_WARN_OBJC_ROOT_CLASS = YES_ERROR;
				CLANG_WARN_QUOTED_INCLUDE_IN_FRAMEWORK_HEADER = YES;
				CLANG_WARN_RANGE_LOOP_ANALYSIS = YES;
				CLANG_WARN_STRICT_PROTOTYPES = YES;
				CLANG_WARN_SUSPICIOUS_MOVE = YES;
				CLANG_WARN_UNGUARDED_AVAILABILITY = YES_AGGRESSIVE;
				CLANG_WARN_UNREACHABLE_CODE = YES;
				CLANG_WARN__DUPLICATE_METHOD_MATCH = YES;
				COPY_PHASE_STRIP = NO;
				DEBUG_INFORMATION_FORMAT = dwarf;
				ENABLE_STRICT_OBJC_MSGSEND = YES;
				ENABLE_TESTABILITY = YES;
				GCC_C_LANGUAGE_STANDARD = gnu11;
				GCC_DYNAMIC_NO_PIC = NO;
				GCC_NO_COMMON_BLOCKS = YES;
				GCC_OPTIMIZATION_LEVEL = 0;
				GCC_PREPROCESSOR_DEFINITIONS = (
					"DEBUG=1",
					"$(inherited)",
				);
				GCC_WARN_64_TO_32_BIT_CONVERSION = YES;
				GCC_WARN_ABOUT_RETURN_TYPE = YES_ERROR;
				GCC_WARN_UNDECLARED_SELECTOR = YES;
				GCC_WARN_UNINITIALIZED_AUTOS = YES_AGGRESSIVE;
				GCC_WARN_UNUSED_FUNCTION = YES;
				GCC_WARN_UNUSED_VARIABLE = YES;
				MTL_ENABLE_DEBUG_INFO = INCLUDE_SOURCE;
				MTL_FAST_MATH = YES;
				ONLY_ACTIVE_ARCH = YES;
				SWIFT_ACTIVE_COMPILATION_CONDITIONS = DEBUG;
				SWIFT_OPTIMIZATION_LEVEL = "-Onone";
			};
			name = Debug;
		};
		44D1CF7F24C0129E00AC238D /* Release */ = {
			isa = XCBuildConfiguration;
			buildSettings = {
				ALWAYS_SEARCH_USER_PATHS = NO;
				CLANG_ANALYZER_NONNULL = YES;
				CLANG_ANALYZER_NUMBER_OBJECT_CONVERSION = YES_AGGRESSIVE;
				CLANG_CXX_LANGUAGE_STANDARD = "gnu++14";
				CLANG_CXX_LIBRARY = "libc++";
				CLANG_ENABLE_MODULES = YES;
				CLANG_ENABLE_OBJC_ARC = YES;
				CLANG_ENABLE_OBJC_WEAK = YES;
				CLANG_WARN_BLOCK_CAPTURE_AUTORELEASING = YES;
				CLANG_WARN_BOOL_CONVERSION = YES;
				CLANG_WARN_COMMA = YES;
				CLANG_WARN_CONSTANT_CONVERSION = YES;
				CLANG_WARN_DEPRECATED_OBJC_IMPLEMENTATIONS = YES;
				CLANG_WARN_DIRECT_OBJC_ISA_USAGE = YES_ERROR;
				CLANG_WARN_DOCUMENTATION_COMMENTS = YES;
				CLANG_WARN_EMPTY_BODY = YES;
				CLANG_WARN_ENUM_CONVERSION = YES;
				CLANG_WARN_INFINITE_RECURSION = YES;
				CLANG_WARN_INT_CONVERSION = YES;
				CLANG_WARN_NON_LITERAL_NULL_CONVERSION = YES;
				CLANG_WARN_OBJC_IMPLICIT_RETAIN_SELF = YES;
				CLANG_WARN_OBJC_LITERAL_CONVERSION = YES;
				CLANG_WARN_OBJC_ROOT_CLASS = YES_ERROR;
				CLANG_WARN_QUOTED_INCLUDE_IN_FRAMEWORK_HEADER = YES;
				CLANG_WARN_RANGE_LOOP_ANALYSIS = YES;
				CLANG_WARN_STRICT_PROTOTYPES = YES;
				CLANG_WARN_SUSPICIOUS_MOVE = YES;
				CLANG_WARN_UNGUARDED_AVAILABILITY = YES_AGGRESSIVE;
				CLANG_WARN_UNREACHABLE_CODE = YES;
				CLANG_WARN__DUPLICATE_METHOD_MATCH = YES;
				COPY_PHASE_STRIP = NO;
				DEBUG_INFORMATION_FORMAT = "dwarf-with-dsym";
				ENABLE_NS_ASSERTIONS = NO;
				ENABLE_STRICT_OBJC_MSGSEND = YES;
				GCC_C_LANGUAGE_STANDARD = gnu11;
				GCC_NO_COMMON_BLOCKS = YES;
				GCC_WARN_64_TO_32_BIT_CONVERSION = YES;
				GCC_WARN_ABOUT_RETURN_TYPE = YES_ERROR;
				GCC_WARN_UNDECLARED_SELECTOR = YES;
				GCC_WARN_UNINITIALIZED_AUTOS = YES_AGGRESSIVE;
				GCC_WARN_UNUSED_FUNCTION = YES;
				GCC_WARN_UNUSED_VARIABLE = YES;
				MTL_ENABLE_DEBUG_INFO = NO;
				MTL_FAST_MATH = YES;
				SWIFT_COMPILATION_MODE = wholemodule;
				SWIFT_OPTIMIZATION_LEVEL = "-O";
			};
			name = Release;
		};
		44D1CF8124C0129E00AC238D /* Debug */ = {
			isa = XCBuildConfiguration;
			buildSettings = {
				ASSETCATALOG_COMPILER_APPICON_NAME = AppIcon;
				ASSETCATALOG_COMPILER_GLOBAL_ACCENT_COLOR_NAME = AccentColor;
				CODE_SIGN_STYLE = Automatic;
				ENABLE_PREVIEWS = YES;
				INFOPLIST_FILE = iOS/Info.plist;
				IPHONEOS_DEPLOYMENT_TARGET = 14.0;
				LD_RUNPATH_SEARCH_PATHS = (
					"$(inherited)",
					"@executable_path/Frameworks",
				);
				PRODUCT_BUNDLE_IDENTIFIER = com.popalay.Tracktor;
				PRODUCT_NAME = Tracktor;
				SDKROOT = iphoneos;
				SWIFT_VERSION = 5.0;
				TARGETED_DEVICE_FAMILY = "1,2";
			};
			name = Debug;
		};
		44D1CF8224C0129E00AC238D /* Release */ = {
			isa = XCBuildConfiguration;
			buildSettings = {
				ASSETCATALOG_COMPILER_APPICON_NAME = AppIcon;
				ASSETCATALOG_COMPILER_GLOBAL_ACCENT_COLOR_NAME = AccentColor;
				CODE_SIGN_STYLE = Automatic;
				ENABLE_PREVIEWS = YES;
				INFOPLIST_FILE = iOS/Info.plist;
				IPHONEOS_DEPLOYMENT_TARGET = 14.0;
				LD_RUNPATH_SEARCH_PATHS = (
					"$(inherited)",
					"@executable_path/Frameworks",
				);
				PRODUCT_BUNDLE_IDENTIFIER = com.popalay.Tracktor;
				PRODUCT_NAME = Tracktor;
				SDKROOT = iphoneos;
				SWIFT_VERSION = 5.0;
				TARGETED_DEVICE_FAMILY = "1,2";
				VALIDATE_PRODUCT = YES;
			};
			name = Release;
		};
		44D1CF8424C0129E00AC238D /* Debug */ = {
			isa = XCBuildConfiguration;
			buildSettings = {
				ASSETCATALOG_COMPILER_APPICON_NAME = AppIcon;
				ASSETCATALOG_COMPILER_GLOBAL_ACCENT_COLOR_NAME = AccentColor;
				CODE_SIGN_ENTITLEMENTS = macOS/macOS.entitlements;
				CODE_SIGN_STYLE = Automatic;
				COMBINE_HIDPI_IMAGES = YES;
				ENABLE_PREVIEWS = YES;
				INFOPLIST_FILE = macOS/Info.plist;
				LD_RUNPATH_SEARCH_PATHS = (
					"$(inherited)",
					"@executable_path/../Frameworks",
				);
				MACOSX_DEPLOYMENT_TARGET = 10.16;
				PRODUCT_BUNDLE_IDENTIFIER = com.popalay.Tracktor;
				PRODUCT_NAME = Tracktor;
				SDKROOT = macosx;
				SWIFT_VERSION = 5.0;
			};
			name = Debug;
		};
		44D1CF8524C0129E00AC238D /* Release */ = {
			isa = XCBuildConfiguration;
			buildSettings = {
				ASSETCATALOG_COMPILER_APPICON_NAME = AppIcon;
				ASSETCATALOG_COMPILER_GLOBAL_ACCENT_COLOR_NAME = AccentColor;
				CODE_SIGN_ENTITLEMENTS = macOS/macOS.entitlements;
				CODE_SIGN_STYLE = Automatic;
				COMBINE_HIDPI_IMAGES = YES;
				ENABLE_PREVIEWS = YES;
				INFOPLIST_FILE = macOS/Info.plist;
				LD_RUNPATH_SEARCH_PATHS = (
					"$(inherited)",
					"@executable_path/../Frameworks",
				);
				MACOSX_DEPLOYMENT_TARGET = 10.16;
				PRODUCT_BUNDLE_IDENTIFIER = com.popalay.Tracktor;
				PRODUCT_NAME = Tracktor;
				SDKROOT = macosx;
				SWIFT_VERSION = 5.0;
			};
			name = Release;
		};
/* End XCBuildConfiguration section */

/* Begin XCConfigurationList section */
		44D1CF6324C0129D00AC238D /* Build configuration list for PBXProject "Tracktor" */ = {
			isa = XCConfigurationList;
			buildConfigurations = (
				44D1CF7E24C0129E00AC238D /* Debug */,
				44D1CF7F24C0129E00AC238D /* Release */,
			);
			defaultConfigurationIsVisible = 0;
			defaultConfigurationName = Release;
		};
		44D1CF8024C0129E00AC238D /* Build configuration list for PBXNativeTarget "Tracktor (iOS)" */ = {
			isa = XCConfigurationList;
			buildConfigurations = (
				44D1CF8124C0129E00AC238D /* Debug */,
				44D1CF8224C0129E00AC238D /* Release */,
			);
			defaultConfigurationIsVisible = 0;
			defaultConfigurationName = Release;
		};
		44D1CF8324C0129E00AC238D /* Build configuration list for PBXNativeTarget "Tracktor (macOS)" */ = {
			isa = XCConfigurationList;
			buildConfigurations = (
				44D1CF8424C0129E00AC238D /* Debug */,
				44D1CF8524C0129E00AC238D /* Release */,
			);
			defaultConfigurationIsVisible = 0;
			defaultConfigurationName = Release;
		};
/* End XCConfigurationList section */
	};
	rootObject = 44D1CF6024C0129D00AC238D /* Project object */;
}
